
Microsoft Visual Studio Solution File, Format Version 12.00
# Visual Studio 15
Project("{FAE04EC0-301F-11D3-BF4B-00C04F79EFBC}") = "Assembly-CSharp", "Assembly-CSharp.csproj", "{581A9B38-C51D-0706-66C8-F2C55309FBCE}"
EndProject
Global
	GlobalSection(SolutionConfigurationPlatforms) = preSolution
		Debug|Any CPU = Debug|Any CPU
		Release|Any CPU = Release|Any CPU
	EndGlobalSection
	GlobalSection(ProjectConfigurationPlatforms) = postSolution
		{581A9B38-C51D-0706-66C8-F2C55309FBCE}.Debug|Any CPU.ActiveCfg = Debug|Any CPU
		{581A9B38-C51D-0706-66C8-F2C55309FBCE}.Debug|Any CPU.Build.0 = Debug|Any CPU
		{581A9B38-C51D-0706-66C8-F2C55309FBCE}.Release|Any CPU.ActiveCfg = Release|Any CPU
		{581A9B38-C51D-0706-66C8-F2C55309FBCE}.Release|Any CPU.Build.0 = Release|Any CPU
	EndGlobalSection
	GlobalSection(SolutionProperties) = preSolution
		HideSolutionNode = FALSE
	EndGlobalSection
EndGlobal
